
Microsoft Visual Studio Solution File, Format Version 12.00
# Visual Studio 15
VisualStudioVersion = 15.0.26730.3
MinimumVisualStudioVersion = 10.0.40219.1
Project("{FAE04EC0-301F-11D3-BF4B-00C04F79EFBC}") = "FamilyTree", "FamilyTree\FamilyTree.csproj", "{FC17A4D7-F25D-4A67-9215-EEC7B52C37D7}"
EndProject
Project("{FAE04EC0-301F-11D3-BF4B-00C04F79EFBC}") = "FamilyTree.Data", "FamilyTree.Data\FamilyTree.Data.csproj", "{EF0CF426-66C8-4E33-BAA4-85E3B23FE0B6}"
EndProject
Project("{FAE04EC0-301F-11D3-BF4B-00C04F79EFBC}") = "FamilyTree.Services", "FamilyTree.Services\FamilyTree.Services.csproj", "{AAC3E95C-EEFB-4A96-BEED-1A475B8B0D3D}"
EndProject
Global
	GlobalSection(SolutionConfigurationPlatforms) = preSolution
		Debug|Any CPU = Debug|Any CPU
		Release|Any CPU = Release|Any CPU
	EndGlobalSection
	GlobalSection(ProjectConfigurationPlatforms) = postSolution
		{FC17A4D7-F25D-4A67-9215-EEC7B52C37D7}.Debug|Any CPU.ActiveCfg = Debug|Any CPU
		{FC17A4D7-F25D-4A67-9215-EEC7B52C37D7}.Debug|Any CPU.Build.0 = Debug|Any CPU
		{FC17A4D7-F25D-4A67-9215-EEC7B52C37D7}.Release|Any CPU.ActiveCfg = Release|Any CPU
		{FC17A4D7-F25D-4A67-9215-EEC7B52C37D7}.Release|Any CPU.Build.0 = Release|Any CPU
		{EF0CF426-66C8-4E33-BAA4-85E3B23FE0B6}.Debug|Any CPU.ActiveCfg = Debug|Any CPU
		{EF0CF426-66C8-4E33-BAA4-85E3B23FE0B6}.Debug|Any CPU.Build.0 = Debug|Any CPU
		{EF0CF426-66C8-4E33-BAA4-85E3B23FE0B6}.Release|Any CPU.ActiveCfg = Release|Any CPU
		{EF0CF426-66C8-4E33-BAA4-85E3B23FE0B6}.Release|Any CPU.Build.0 = Release|Any CPU
		{AAC3E95C-EEFB-4A96-BEED-1A475B8B0D3D}.Debug|Any CPU.ActiveCfg = Debug|Any CPU
		{AAC3E95C-EEFB-4A96-BEED-1A475B8B0D3D}.Debug|Any CPU.Build.0 = Debug|Any CPU
		{AAC3E95C-EEFB-4A96-BEED-1A475B8B0D3D}.Release|Any CPU.ActiveCfg = Release|Any CPU
		{AAC3E95C-EEFB-4A96-BEED-1A475B8B0D3D}.Release|Any CPU.Build.0 = Release|Any CPU
	EndGlobalSection
	GlobalSection(SolutionProperties) = preSolution
		HideSolutionNode = FALSE
	EndGlobalSection
	GlobalSection(ExtensibilityGlobals) = postSolution
		SolutionGuid = {58978F5E-3FE7-4744-B0CF-5B6676640ECE}
	EndGlobalSection
EndGlobal
